// !$*UTF8*$!
{
	archiveVersion = 1;
	classes = {
	};
	objectVersion = 48;
	objects = {

/* Begin PBXBuildFile section */
		DD965F4820E375950055C790 /* AppDelegate.m in Sources */ = {isa = PBXBuildFile; fileRef = DD965F4720E375950055C790 /* AppDelegate.m */; };
		DD965F4B20E375950055C790 /* ViewController.m in Sources */ = {isa = PBXBuildFile; fileRef = DD965F4A20E375950055C790 /* ViewController.m */; };
		DD965F4E20E375950055C790 /* Main.storyboard in Resources */ = {isa = PBXBuildFile; fileRef = DD965F4C20E375950055C790 /* Main.storyboard */; };
		DD965F5020E375950055C790 /* Assets.xcassets in Resources */ = {isa = PBXBuildFile; fileRef = DD965F4F20E375950055C790 /* Assets.xcassets */; };
		DD965F5320E375950055C790 /* LaunchScreen.storyboard in Resources */ = {isa = PBXBuildFile; fileRef = DD965F5120E375950055C790 /* LaunchScreen.storyboard */; };
		DD965F5620E375950055C790 /* main.m in Sources */ = {isa = PBXBuildFile; fileRef = DD965F5520E375950055C790 /* main.m */; };
		DD965F5E20E37B000055C790 /* DemoViewController.swift in Sources */ = {isa = PBXBuildFile; fileRef = DD965F5D20E37B000055C790 /* DemoViewController.swift */; };
/* End PBXBuildFile section */

/* Begin PBXFileReference section */
		DD965F4320E375950055C790 /* MixedMapAndText.app */ = {isa = PBXFileReference; explicitFileType = wrapper.application; includeInIndex = 0; path = MixedMapAndText.app; sourceTree = BUILT_PRODUCTS_DIR; };
		DD965F4620E375950055C790 /* AppDelegate.h */ = {isa = PBXFileReference; lastKnownFileType = sourcecode.c.h; path = AppDelegate.h; sourceTree = "<group>"; };
		DD965F4720E375950055C790 /* AppDelegate.m */ = {isa = PBXFileReference; lastKnownFileType = sourcecode.c.objc; path = AppDelegate.m; sourceTree = "<group>"; };
		DD965F4920E375950055C790 /* ViewController.h */ = {isa = PBXFileReference; lastKnownFileType = sourcecode.c.h; path = ViewController.h; sourceTree = "<group>"; };
		DD965F4A20E375950055C790 /* ViewController.m */ = {isa = PBXFileReference; lastKnownFileType = sourcecode.c.objc; path = ViewController.m; sourceTree = "<group>"; };
		DD965F4D20E375950055C790 /* Base */ = {isa = PBXFileReference; lastKnownFileType = file.storyboard; name = Base; path = Base.lproj/Main.storyboard; sourceTree = "<group>"; };
		DD965F4F20E375950055C790 /* Assets.xcassets */ = {isa = PBXFileReference; lastKnownFileType = folder.assetcatalog; path = Assets.xcassets; sourceTree = "<group>"; };
		DD965F5220E375950055C790 /* Base */ = {isa = PBXFileReference; lastKnownFileType = file.storyboard; name = Base; path = Base.lproj/LaunchScreen.storyboard; sourceTree = "<group>"; };
		DD965F5420E375950055C790 /* Info.plist */ = {isa = PBXFileReference; lastKnownFileType = text.plist.xml; path = Info.plist; sourceTree = "<group>"; };
		DD965F5520E375950055C790 /* main.m */ = {isa = PBXFileReference; lastKnownFileType = sourcecode.c.objc; path = main.m; sourceTree = "<group>"; };
		DD965F5C20E37B000055C790 /* MixedMapAndText-Bridging-Header.h */ = {isa = PBXFileReference; lastKnownFileType = sourcecode.c.h; path = "MixedMapAndText-Bridging-Header.h"; sourceTree = "<group>"; };
		DD965F5D20E37B000055C790 /* DemoViewController.swift */ = {isa = PBXFileReference; lastKnownFileType = sourcecode.swift; path = DemoViewController.swift; sourceTree = "<group>"; };
/* End PBXFileReference section */

/* Begin PBXFrameworksBuildPhase section */
		DD965F4020E375950055C790 /* Frameworks */ = {
			isa = PBXFrameworksBuildPhase;
			buildActionMask = 2147483647;
			files = (
			);
			runOnlyForDeploymentPostprocessing = 0;
		};
/* End PBXFrameworksBuildPhase section */

/* Begin PBXGroup section */
		DD965F3A20E375950055C790 = {
			isa = PBXGroup;
			children = (
				DD965F4520E375950055C790 /* MixedMapAndText */,
				DD965F4420E375950055C790 /* Products */,
			);
			sourceTree = "<group>";
		};
		DD965F4420E375950055C790 /* Products */ = {
			isa = PBXGroup;
			children = (
				DD965F4320E375950055C790 /* MixedMapAndText.app */,
			);
			name = Products;
			sourceTree = "<group>";
		};
		DD965F4520E375950055C790 /* MixedMapAndText */ = {
			isa = PBXGroup;
			children = (
				DD965F4620E375950055C790 /* AppDelegate.h */,
				DD965F4720E375950055C790 /* AppDelegate.m */,
				DD965F4920E375950055C790 /* ViewController.h */,
				DD965F4A20E375950055C790 /* ViewController.m */,
				DD965F5D20E37B000055C790 /* DemoViewController.swift */,
				DD965F4C20E375950055C790 /* Main.storyboard */,
				DD965F4F20E375950055C790 /* Assets.xcassets */,
				DD965F5120E375950055C790 /* LaunchScreen.storyboard */,
				DD965F5420E375950055C790 /* Info.plist */,
				DD965F5520E375950055C790 /* main.m */,
				DD965F5C20E37B000055C790 /* MixedMapAndText-Bridging-Header.h */,
			);
			path = MixedMapAndText;
			sourceTree = "<group>";
		};
/* End PBXGroup section */

/* Begin PBXNativeTarget section */
		DD965F4220E375950055C790 /* MixedMapAndText */ = {
			isa = PBXNativeTarget;
			buildConfigurationList = DD965F5920E375950055C790 /* Build configuration list for PBXNativeTarget "MixedMapAndText" */;
			buildPhases = (
				DD965F3F20E375950055C790 /* Sources */,
				DD965F4020E375950055C790 /* Frameworks */,
				DD965F4120E375950055C790 /* Resources */,
			);
			buildRules = (
			);
			dependencies = (
			);
			name = MixedMapAndText;
			productName = MixedMapAndText;
			productReference = DD965F4320E375950055C790 /* MixedMapAndText.app */;
			productType = "com.apple.product-type.application";
		};
/* End PBXNativeTarget section */

/* Begin PBXProject section */
		DD965F3B20E375950055C790 /* Project object */ = {
			isa = PBXProject;
			attributes = {
				LastUpgradeCheck = 0920;
				ORGANIZATIONNAME = "唐云川";
				TargetAttributes = {
					DD965F4220E375950055C790 = {
						CreatedOnToolsVersion = 9.2;
						LastSwiftMigration = 0920;
						ProvisioningStyle = Automatic;
					};
				};
			};
			buildConfigurationList = DD965F3E20E375950055C790 /* Build configuration list for PBXProject "MixedMapAndText" */;
			compatibilityVersion = "Xcode 8.0";
			developmentRegion = en;
			hasScannedForEncodings = 0;
			knownRegions = (
				en,
				Base,
			);
			mainGroup = DD965F3A20E375950055C790;
			productRefGroup = DD965F4420E375950055C790 /* Products */;
			projectDirPath = "";
			projectRoot = "";
			targets = (
				DD965F4220E375950055C790 /* MixedMapAndText */,
			);
		};
/* End PBXProject section */

/* Begin PBXResourcesBuildPhase section */
		DD965F4120E375950055C790 /* Resources */ = {
			isa = PBXResourcesBuildPhase;
			buildActionMask = 2147483647;
			files = (
				DD965F5320E375950055C790 /* LaunchScreen.storyboard in Resources */,
				DD965F5020E375950055C790 /* Assets.xcassets in Resources */,
				DD965F4E20E375950055C790 /* Main.storyboard in Resources */,
			);
			runOnlyForDeploymentPostprocessing = 0;
		};
/* End PBXResourcesBuildPhase section */

/* Begin PBXSourcesBuildPhase section */
		DD965F3F20E375950055C790 /* Sources */ = {
			isa = PBXSourcesBuildPhase;
			buildActionMask = 2147483647;
			files = (
				DD965F4B20E375950055C790 /* ViewController.m in Sources */,
				DD965F5620E375950055C790 /* main.m in Sources */,
				DD965F4820E375950055C790 /* AppDelegate.m in Sources */,
				DD965F5E20E37B000055C790 /* DemoViewController.swift in Sources */,
			);
			runOnlyForDeploymentPostprocessing = 0;
		};
/* End PBXSourcesBuildPhase section */

/* Begin PBXVariantGroup section */
		DD965F4C20E375950055C790 /* Main.storyboard */ = {
			isa = PBXVariantGroup;
			children = (
				DD965F4D20E375950055C790 /* Base */,
			);
			name = Main.storyboard;
			sourceTree = "<group>";
		};
		DD965F5120E375950055C790 /* LaunchScreen.storyboard */ = {
			isa = PBXVariantGroup;
			children = (
				DD965F5220E375950055C790 /* Base */,
			);
			name = LaunchScreen.storyboard;
			sourceTree = "<group>";
		};
/* End PBXVariantGroup section */

/* Begin XCBuildConfiguration section */
		DD965F5720E375950055C790 /* Debug */ = {
			isa = XCBuildConfiguration;
			buildSettings = {
				ALWAYS_SEARCH_USER_PATHS = NO;
				CLANG_ANALYZER_NONNULL = YES;
				CLANG_ANALYZER_NUMBER_OBJECT_CONVERSION = YES_AGGRESSIVE;
				CLANG_CXX_LANGUAGE_STANDARD = "gnu++14";
				CLANG_CXX_LIBRARY = "libc++";
				CLANG_ENABLE_MODULES = YES;
				CLANG_ENABLE_OBJC_ARC = YES;
				CLANG_WARN_BLOCK_CAPTURE_AUTORELEASING = YES;
				CLANG_WARN_BOOL_CONVERSION = YES;
				CLANG_WARN_COMMA = YES;
				CLANG_WARN_CONSTANT_CONVERSION = YES;
				CLANG_WARN_DIRECT_OBJC_ISA_USAGE = YES_ERROR;
				CLANG_WARN_DOCUMENTATION_COMMENTS = YES;
				CLANG_WARN_EMPTY_BODY = YES;
				CLANG_WARN_ENUM_CONVERSION = YES;
				CLANG_WARN_INFINITE_RECURSION = YES;
				CLANG_WARN_INT_CONVERSION = YES;
				CLANG_WARN_NON_LITERAL_NULL_CONVERSION = YES;
				CLANG_WARN_OBJC_LITERAL_CONVERSION = YES;
				CLANG_WARN_OBJC_ROOT_CLASS = YES_ERROR;
				CLANG_WARN_RANGE_LOOP_ANALYSIS = YES;
				CLANG_WARN_STRICT_PROTOTYPES = YES;
				CLANG_WARN_SUSPICIOUS_MOVE = YES;
				CLANG_WARN_UNGUARDED_AVAILABILITY = YES_AGGRESSIVE;
				CLANG_WARN_UNREACHABLE_CODE = YES;
				CLANG_WARN__DUPLICATE_METHOD_MATCH = YES;
				CODE_SIGN_IDENTITY = "iPhone Developer";
				COPY_PHASE_STRIP = NO;
				DEBUG_INFORMATION_FORMAT = dwarf;
				ENABLE_STRICT_OBJC_MSGSEND = YES;
				ENABLE_TESTABILITY = YES;
				GCC_C_LANGUAGE_STANDARD = gnu11;
				GCC_DYNAMIC_NO_PIC = NO;
				GCC_NO_COMMON_BLOCKS = YES;
				GCC_OPTIMIZATION_LEVEL = 0;
				GCC_PREPROCESSOR_DEFINITIONS = (
					"DEBUG=1",
					"$(inherited)",
				);
				GCC_WARN_64_TO_32_BIT_CONVERSION = YES;
				GCC_WARN_ABOUT_RETURN_TYPE = YES_ERROR;
				GCC_WARN_UNDECLARED_SELECTOR = YES;
				GCC_WARN_UNINITIALIZED_AUTOS = YES_AGGRESSIVE;
				GCC_WARN_UNUSED_FUNCTION = YES;
				GCC_WARN_UNUSED_VARIABLE = YES;
				IPHONEOS_DEPLOYMENT_TARGET = 11.2;
				MTL_ENABLE_DEBUG_INFO = YES;
				ONLY_ACTIVE_ARCH = YES;
				SDKROOT = iphoneos;
			};
			name = Debug;
		};
		DD965F5820E375950055C790 /* Release */ = {
			isa = XCBuildConfiguration;
			buildSettings = {
				ALWAYS_SEARCH_USER_PATHS = NO;
				CLANG_ANALYZER_NONNULL = YES;
				CLANG_ANALYZER_NUMBER_OBJECT_CONVERSION = YES_AGGRESSIVE;
				CLANG_CXX_LANGUAGE_STANDARD = "gnu++14";
				CLANG_CXX_LIBRARY = "libc++";
				CLANG_ENABLE_MODULES = YES;
				CLANG_ENABLE_OBJC_ARC = YES;
				CLANG_WARN_BLOCK_CAPTURE_AUTORELEASING = YES;
				CLANG_WARN_BOOL_CONVERSION = YES;
				CLANG_WARN_COMMA = YES;
				CLANG_WARN_CONSTANT_CONVERSION = YES;
				CLANG_WARN_DIRECT_OBJC_ISA_USAGE = YES_ERROR;
				CLANG_WARN_DOCUMENTATION_COMMENTS = YES;
				CLANG_WARN_EMPTY_BODY = YES;
				CLANG_WARN_ENUM_CONVERSION = YES;
				CLANG_WARN_INFINITE_RECURSION = YES;
				CLANG_WARN_INT_CONVERSION = YES;
				CLANG_WARN_NON_LITERAL_NULL_CONVERSION = YES;
				CLANG_WARN_OBJC_LITERAL_CONVERSION = YES;
				CLANG_WARN_OBJC_ROOT_CLASS = YES_ERROR;
				CLANG_WARN_RANGE_LOOP_ANALYSIS = YES;
				CLANG_WARN_STRICT_PROTOTYPES = YES;
				CLANG_WARN_SUSPICIOUS_MOVE = YES;
				CLANG_WARN_UNGUARDED_AVAILABILITY = YES_AGGRESSIVE;
				CLANG_WARN_UNREACHABLE_CODE = YES;
				CLANG_WARN__DUPLICATE_METHOD_MATCH = YES;
				CODE_SIGN_IDENTITY = "iPhone Developer";
				COPY_PHASE_STRIP = NO;
				DEBUG_INFORMATION_FORMAT = "dwarf-with-dsym";
				ENABLE_NS_ASSERTIONS = NO;
				ENABLE_STRICT_OBJC_MSGSEND = YES;
				GCC_C_LANGUAGE_STANDARD = gnu11;
				GCC_NO_COMMON_BLOCKS = YES;
				GCC_WARN_64_TO_32_BIT_CONVERSION = YES;
				GCC_WARN_ABOUT_RETURN_TYPE = YES_ERROR;
				GCC_WARN_UNDECLARED_SELECTOR = YES;
				GCC_WARN_UNINITIALIZED_AUTOS = YES_AGGRESSIVE;
				GCC_WARN_UNUSED_FUNCTION = YES;
				GCC_WARN_UNUSED_VARIABLE = YES;
				IPHONEOS_DEPLOYMENT_TARGET = 11.2;
				MTL_ENABLE_DEBUG_INFO = NO;
				SDKROOT = iphoneos;
				VALIDATE_PRODUCT = YES;
			};
			name = Release;
		};
		DD965F5A20E375950055C790 /* Debug */ = {
			isa = XCBuildConfiguration;
			buildSettings = {
				ASSETCATALOG_COMPILER_APPICON_NAME = AppIcon;
				CLANG_ENABLE_MODULES = YES;
				CODE_SIGN_STYLE = Automatic;
				DEVELOPMENT_TEAM = 832LY843KW;
				INFOPLIST_FILE = MixedMapAndText/Info.plist;
				LD_RUNPATH_SEARCH_PATHS = "$(inherited) @executable_path/Frameworks";
				PRODUCT_BUNDLE_IDENTIFIER = com.TYC.MixedMapAndText;
				PRODUCT_NAME = "$(TARGET_NAME)";
				SWIFT_OBJC_BRIDGING_HEADER = "MixedMapAndText/MixedMapAndText-Bridging-Header.h";
				SWIFT_OPTIMIZATION_LEVEL = "-Onone";
				SWIFT_VERSION = 3.0;
				TARGETED_DEVICE_FAMILY = "1,2";
			};
			name = Debug;
		};
		DD965F5B20E375950055C790 /* Release */ = {
			isa = XCBuildConfiguration;
			buildSettings = {
				ASSETCATALOG_COMPILER_APPICON_NAME = AppIcon;
				CLANG_ENABLE_MODULES = YES;
				CODE_SIGN_STYLE = Automatic;
				DEVELOPMENT_TEAM = 832LY843KW;
				INFOPLIST_FILE = MixedMapAndText/Info.plist;
				LD_RUNPATH_SEARCH_PATHS = "$(inherited) @executable_path/Frameworks";
				PRODUCT_BUNDLE_IDENTIFIER = com.TYC.MixedMapAndText;
				PRODUCT_NAME = "$(TARGET_NAME)";
				SWIFT_OBJC_BRIDGING_HEADER = "MixedMapAndText/MixedMapAndText-Bridging-Header.h";
				SWIFT_VERSION = 3.0;
				TARGETED_DEVICE_FAMILY = "1,2";
			};
			name = Release;
		};
/* End XCBuildConfiguration section */

/* Begin XCConfigurationList section */
		DD965F3E20E375950055C790 /* Build configuration list for PBXProject "MixedMapAndText" */ = {
			isa = XCConfigurationList;
			buildConfigurations = (
				DD965F5720E375950055C790 /* Debug */,
				DD965F5820E375950055C790 /* Release */,
			);
			defaultConfigurationIsVisible = 0;
			defaultConfigurationName = Release;
		};
		DD965F5920E375950055C790 /* Build configuration list for PBXNativeTarget "MixedMapAndText" */ = {
			isa = XCConfigurationList;
			buildConfigurations = (
				DD965F5A20E375950055C790 /* Debug */,
				DD965F5B20E375950055C790 /* Release */,
			);
			defaultConfigurationIsVisible = 0;
			defaultConfigurationName = Release;
		};
/* End XCConfigurationList section */
	};
	rootObject = DD965F3B20E375950055C790 /* Project object */;
}
